// !$*UTF8*$!
{
	archiveVersion = 1;
	classes = {
	};
	objectVersion = 46;
	objects = {

/* Begin PBXBuildFile section */
		170B203A1A807F7000A2E316 /* PGGalleryProgressHUD.m in Sources */ = {isa = PBXBuildFile; fileRef = 170B20391A807F7000A2E316 /* PGGalleryProgressHUD.m */; };
		17155C601A75EF4A00F6D706 /* QBAssetsCollectionCheckmarkView.m in Sources */ = {isa = PBXBuildFile; fileRef = 17155C4B1A75EF4A00F6D706 /* QBAssetsCollectionCheckmarkView.m */; };
		17155C611A75EF4A00F6D706 /* QBAssetsCollectionFooterView.m in Sources */ = {isa = PBXBuildFile; fileRef = 17155C4D1A75EF4A00F6D706 /* QBAssetsCollectionFooterView.m */; };
		17155C621A75EF4A00F6D706 /* QBAssetsCollectionOverlayView.m in Sources */ = {isa = PBXBuildFile; fileRef = 17155C4F1A75EF4A00F6D706 /* QBAssetsCollectionOverlayView.m */; };
		17155C631A75EF4A00F6D706 /* QBAssetsCollectionViewCell.m in Sources */ = {isa = PBXBuildFile; fileRef = 17155C511A75EF4A00F6D706 /* QBAssetsCollectionViewCell.m */; };
		17155C641A75EF4A00F6D706 /* QBAssetsCollectionViewController.m in Sources */ = {isa = PBXBuildFile; fileRef = 17155C531A75EF4A00F6D706 /* QBAssetsCollectionViewController.m */; };
		17155C651A75EF4A00F6D706 /* QBAssetsCollectionViewLayout.m in Sources */ = {isa = PBXBuildFile; fileRef = 17155C551A75EF4A00F6D706 /* QBAssetsCollectionViewLayout.m */; };
		17155C661A75EF4A00F6D706 /* QBImagePickerController.m in Sources */ = {isa = PBXBuildFile; fileRef = 17155C571A75EF4A00F6D706 /* QBImagePickerController.m */; };
		17155C671A75EF4A00F6D706 /* QBImagePickerGroupCell.m in Sources */ = {isa = PBXBuildFile; fileRef = 17155C591A75EF4A00F6D706 /* QBImagePickerGroupCell.m */; };
		17155C681A75EF4A00F6D706 /* QBImagePickerThumbnailView.m in Sources */ = {isa = PBXBuildFile; fileRef = 17155C5B1A75EF4A00F6D706 /* QBImagePickerThumbnailView.m */; };
		173A98361727BF6600A17DC4 /* PGCamera.mm in Sources */ = {isa = PBXBuildFile; fileRef = 173A98331727BF6600A17DC4 /* PGCamera.mm */; };
		173A98371727BF6600A17DC4 /* PGGallery.mm in Sources */ = {isa = PBXBuildFile; fileRef = 173A98351727BF6600A17DC4 /* PGGallery.mm */; };
		17F5CDA01727938B00356EE5 /* Foundation.framework in Frameworks */ = {isa = PBXBuildFile; fileRef = 17F5CD9F1727938B00356EE5 /* Foundation.framework */; };
/* End PBXBuildFile section */

/* Begin PBXCopyFilesBuildPhase section */
		17F5CD9A1727938B00356EE5 /* CopyFiles */ = {
			isa = PBXCopyFilesBuildPhase;
			buildActionMask = 2147483647;
			dstPath = "include/${PRODUCT_NAME}";
			dstSubfolderSpec = 16;
			files = (
			);
			runOnlyForDeploymentPostprocessing = 0;
		};
/* End PBXCopyFilesBuildPhase section */

/* Begin PBXFileReference section */
		170B20381A807F7000A2E316 /* PGGalleryProgressHUD.h */ = {isa = PBXFileReference; fileEncoding = 4; lastKnownFileType = sourcecode.c.h; path = PGGalleryProgressHUD.h; sourceTree = "<group>"; };
		170B20391A807F7000A2E316 /* PGGalleryProgressHUD.m */ = {isa = PBXFileReference; fileEncoding = 4; lastKnownFileType = sourcecode.c.objc; path = PGGalleryProgressHUD.m; sourceTree = "<group>"; };
		17155C4A1A75EF4A00F6D706 /* QBAssetsCollectionCheckmarkView.h */ = {isa = PBXFileReference; fileEncoding = 4; lastKnownFileType = sourcecode.c.h; path = QBAssetsCollectionCheckmarkView.h; sourceTree = "<group>"; };
		17155C4B1A75EF4A00F6D706 /* QBAssetsCollectionCheckmarkView.m */ = {isa = PBXFileReference; fileEncoding = 4; lastKnownFileType = sourcecode.c.objc; path = QBAssetsCollectionCheckmarkView.m; sourceTree = "<group>"; };
		17155C4C1A75EF4A00F6D706 /* QBAssetsCollectionFooterView.h */ = {isa = PBXFileReference; fileEncoding = 4; lastKnownFileType = sourcecode.c.h; path = QBAssetsCollectionFooterView.h; sourceTree = "<group>"; };
		17155C4D1A75EF4A00F6D706 /* QBAssetsCollectionFooterView.m */ = {isa = PBXFileReference; fileEncoding = 4; lastKnownFileType = sourcecode.c.objc; path = QBAssetsCollectionFooterView.m; sourceTree = "<group>"; };
		17155C4E1A75EF4A00F6D706 /* QBAssetsCollectionOverlayView.h */ = {isa = PBXFileReference; fileEncoding = 4; lastKnownFileType = sourcecode.c.h; path = QBAssetsCollectionOverlayView.h; sourceTree = "<group>"; };
		17155C4F1A75EF4A00F6D706 /* QBAssetsCollectionOverlayView.m */ = {isa = PBXFileReference; fileEncoding = 4; lastKnownFileType = sourcecode.c.objc; path = QBAssetsCollectionOverlayView.m; sourceTree = "<group>"; };
		17155C501A75EF4A00F6D706 /* QBAssetsCollectionViewCell.h */ = {isa = PBXFileReference; fileEncoding = 4; lastKnownFileType = sourcecode.c.h; path = QBAssetsCollectionViewCell.h; sourceTree = "<group>"; };
		17155C511A75EF4A00F6D706 /* QBAssetsCollectionViewCell.m */ = {isa = PBXFileReference; fileEncoding = 4; lastKnownFileType = sourcecode.c.objc; path = QBAssetsCollectionViewCell.m; sourceTree = "<group>"; };
		17155C521A75EF4A00F6D706 /* QBAssetsCollectionViewController.h */ = {isa = PBXFileReference; fileEncoding = 4; lastKnownFileType = sourcecode.c.h; path = QBAssetsCollectionViewController.h; sourceTree = "<group>"; };
		17155C531A75EF4A00F6D706 /* QBAssetsCollectionViewController.m */ = {isa = PBXFileReference; fileEncoding = 4; lastKnownFileType = sourcecode.c.objc; path = QBAssetsCollectionViewController.m; sourceTree = "<group>"; };
		17155C541A75EF4A00F6D706 /* QBAssetsCollectionViewLayout.h */ = {isa = PBXFileReference; fileEncoding = 4; lastKnownFileType = sourcecode.c.h; path = QBAssetsCollectionViewLayout.h; sourceTree = "<group>"; };
		17155C551A75EF4A00F6D706 /* QBAssetsCollectionViewLayout.m */ = {isa = PBXFileReference; fileEncoding = 4; lastKnownFileType = sourcecode.c.objc; path = QBAssetsCollectionViewLayout.m; sourceTree = "<group>"; };
		17155C561A75EF4A00F6D706 /* QBImagePickerController.h */ = {isa = PBXFileReference; fileEncoding = 4; lastKnownFileType = sourcecode.c.h; path = QBImagePickerController.h; sourceTree = "<group>"; };
		17155C571A75EF4A00F6D706 /* QBImagePickerController.m */ = {isa = PBXFileReference; fileEncoding = 4; lastKnownFileType = sourcecode.c.objc; path = QBImagePickerController.m; sourceTree = "<group>"; };
		17155C581A75EF4A00F6D706 /* QBImagePickerGroupCell.h */ = {isa = PBXFileReference; fileEncoding = 4; lastKnownFileType = sourcecode.c.h; path = QBImagePickerGroupCell.h; sourceTree = "<group>"; };
		17155C591A75EF4A00F6D706 /* QBImagePickerGroupCell.m */ = {isa = PBXFileReference; fileEncoding = 4; lastKnownFileType = sourcecode.c.objc; path = QBImagePickerGroupCell.m; sourceTree = "<group>"; };
		17155C5A1A75EF4A00F6D706 /* QBImagePickerThumbnailView.h */ = {isa = PBXFileReference; fileEncoding = 4; lastKnownFileType = sourcecode.c.h; path = QBImagePickerThumbnailView.h; sourceTree = "<group>"; };
		17155C5B1A75EF4A00F6D706 /* QBImagePickerThumbnailView.m */ = {isa = PBXFileReference; fileEncoding = 4; lastKnownFileType = sourcecode.c.objc; path = QBImagePickerThumbnailView.m; sourceTree = "<group>"; };
		173A98321727BF6600A17DC4 /* PGCamera.h */ = {isa = PBXFileReference; fileEncoding = 4; lastKnownFileType = sourcecode.c.h; path = PGCamera.h; sourceTree = "<group>"; };
		173A98331727BF6600A17DC4 /* PGCamera.mm */ = {isa = PBXFileReference; fileEncoding = 4; lastKnownFileType = sourcecode.cpp.objcpp; path = PGCamera.mm; sourceTree = "<group>"; };
		173A98341727BF6600A17DC4 /* PGGallery.h */ = {isa = PBXFileReference; fileEncoding = 4; lastKnownFileType = sourcecode.c.h; path = PGGallery.h; sourceTree = "<group>"; };
		173A98351727BF6600A17DC4 /* PGGallery.mm */ = {isa = PBXFileReference; fileEncoding = 4; lastKnownFileType = sourcecode.cpp.objcpp; path = PGGallery.mm; sourceTree = "<group>"; };
		17F5CD9C1727938B00356EE5 /* liblibCamera.a */ = {isa = PBXFileReference; explicitFileType = archive.ar; includeInIndex = 0; path = liblibCamera.a; sourceTree = BUILT_PRODUCTS_DIR; };
		17F5CD9F1727938B00356EE5 /* Foundation.framework */ = {isa = PBXFileReference; lastKnownFileType = wrapper.framework; name = Foundation.framework; path = System/Library/Frameworks/Foundation.framework; sourceTree = SDKROOT; };
		17F5CDA31727938B00356EE5 /* libCamera-Prefix.pch */ = {isa = PBXFileReference; lastKnownFileType = sourcecode.c.h; path = "libCamera-Prefix.pch"; sourceTree = "<group>"; };
/* End PBXFileReference section */

/* Begin PBXFrameworksBuildPhase section */
		17F5CD991727938B00356EE5 /* Frameworks */ = {
			isa = PBXFrameworksBuildPhase;
			buildActionMask = 2147483647;
			files = (
				17F5CDA01727938B00356EE5 /* Foundation.framework in Frameworks */,
			);
			runOnlyForDeploymentPostprocessing = 0;
		};
/* End PBXFrameworksBuildPhase section */

/* Begin PBXGroup section */
		17155C491A75EF4A00F6D706 /* H5MutilGallery */ = {
			isa = PBXGroup;
			children = (
				17155C4A1A75EF4A00F6D706 /* QBAssetsCollectionCheckmarkView.h */,
				17155C4B1A75EF4A00F6D706 /* QBAssetsCollectionCheckmarkView.m */,
				17155C4C1A75EF4A00F6D706 /* QBAssetsCollectionFooterView.h */,
				17155C4D1A75EF4A00F6D706 /* QBAssetsCollectionFooterView.m */,
				17155C4E1A75EF4A00F6D706 /* QBAssetsCollectionOverlayView.h */,
				17155C4F1A75EF4A00F6D706 /* QBAssetsCollectionOverlayView.m */,
				17155C501A75EF4A00F6D706 /* QBAssetsCollectionViewCell.h */,
				17155C511A75EF4A00F6D706 /* QBAssetsCollectionViewCell.m */,
				17155C521A75EF4A00F6D706 /* QBAssetsCollectionViewController.h */,
				17155C531A75EF4A00F6D706 /* QBAssetsCollectionViewController.m */,
				17155C541A75EF4A00F6D706 /* QBAssetsCollectionViewLayout.h */,
				17155C551A75EF4A00F6D706 /* QBAssetsCollectionViewLayout.m */,
				17155C561A75EF4A00F6D706 /* QBImagePickerController.h */,
				17155C571A75EF4A00F6D706 /* QBImagePickerController.m */,
				17155C581A75EF4A00F6D706 /* QBImagePickerGroupCell.h */,
				17155C591A75EF4A00F6D706 /* QBImagePickerGroupCell.m */,
				17155C5A1A75EF4A00F6D706 /* QBImagePickerThumbnailView.h */,
				17155C5B1A75EF4A00F6D706 /* QBImagePickerThumbnailView.m */,
			);
			path = H5MutilGallery;
			sourceTree = "<group>";
		};
		17F5CD931727938B00356EE5 = {
			isa = PBXGroup;
			children = (
				17F5CDA11727938B00356EE5 /* libCamera */,
				17F5CD9E1727938B00356EE5 /* Frameworks */,
				17F5CD9D1727938B00356EE5 /* Products */,
			);
			sourceTree = "<group>";
		};
		17F5CD9D1727938B00356EE5 /* Products */ = {
			isa = PBXGroup;
			children = (
				17F5CD9C1727938B00356EE5 /* liblibCamera.a */,
			);
			name = Products;
			sourceTree = "<group>";
		};
		17F5CD9E1727938B00356EE5 /* Frameworks */ = {
			isa = PBXGroup;
			children = (
				17F5CD9F1727938B00356EE5 /* Foundation.framework */,
			);
			name = Frameworks;
			sourceTree = "<group>";
		};
		17F5CDA11727938B00356EE5 /* libCamera */ = {
			isa = PBXGroup;
			children = (
				17155C491A75EF4A00F6D706 /* H5MutilGallery */,
				173A98321727BF6600A17DC4 /* PGCamera.h */,
				173A98331727BF6600A17DC4 /* PGCamera.mm */,
				173A98341727BF6600A17DC4 /* PGGallery.h */,
				173A98351727BF6600A17DC4 /* PGGallery.mm */,
				170B20381A807F7000A2E316 /* PGGalleryProgressHUD.h */,
				170B20391A807F7000A2E316 /* PGGalleryProgressHUD.m */,
				17F5CDA21727938B00356EE5 /* Supporting Files */,
			);
			path = libCamera;
			sourceTree = "<group>";
		};
		17F5CDA21727938B00356EE5 /* Supporting Files */ = {
			isa = PBXGroup;
			children = (
				17F5CDA31727938B00356EE5 /* libCamera-Prefix.pch */,
			);
			name = "Supporting Files";
			sourceTree = "<group>";
		};
/* End PBXGroup section */

/* Begin PBXNativeTarget section */
		17F5CD9B1727938B00356EE5 /* libCamera */ = {
			isa = PBXNativeTarget;
			buildConfigurationList = 17F5CDAA1727938B00356EE5 /* Build configuration list for PBXNativeTarget "libCamera" */;
			buildPhases = (
				17F5CD981727938B00356EE5 /* Sources */,
				17F5CD991727938B00356EE5 /* Frameworks */,
				17F5CD9A1727938B00356EE5 /* CopyFiles */,
			);
			buildRules = (
			);
			dependencies = (
			);
			name = libCamera;
			productName = libCamera;
			productReference = 17F5CD9C1727938B00356EE5 /* liblibCamera.a */;
			productType = "com.apple.product-type.library.static";
		};
/* End PBXNativeTarget section */

/* Begin PBXProject section */
		17F5CD941727938B00356EE5 /* Project object */ = {
			isa = PBXProject;
			attributes = {
				LastUpgradeCheck = 0700;
				ORGANIZATIONNAME = DCloud;
			};
			buildConfigurationList = 17F5CD971727938B00356EE5 /* Build configuration list for PBXProject "libCamera" */;
			compatibilityVersion = "Xcode 3.2";
			developmentRegion = English;
			hasScannedForEncodings = 0;
			knownRegions = (
				en,
				ja,
			);
			mainGroup = 17F5CD931727938B00356EE5;
			productRefGroup = 17F5CD9D1727938B00356EE5 /* Products */;
			projectDirPath = "";
			projectRoot = "";
			targets = (
				17F5CD9B1727938B00356EE5 /* libCamera */,
			);
		};
/* End PBXProject section */

/* Begin PBXSourcesBuildPhase section */
		17F5CD981727938B00356EE5 /* Sources */ = {
			isa = PBXSourcesBuildPhase;
			buildActionMask = 2147483647;
			files = (
				17155C601A75EF4A00F6D706 /* QBAssetsCollectionCheckmarkView.m in Sources */,
				17155C611A75EF4A00F6D706 /* QBAssetsCollectionFooterView.m in Sources */,
				170B203A1A807F7000A2E316 /* PGGalleryProgressHUD.m in Sources */,
				17155C661A75EF4A00F6D706 /* QBImagePickerController.m in Sources */,
				17155C631A75EF4A00F6D706 /* QBAssetsCollectionViewCell.m in Sources */,
				17155C671A75EF4A00F6D706 /* QBImagePickerGroupCell.m in Sources */,
				17155C681A75EF4A00F6D706 /* QBImagePickerThumbnailView.m in Sources */,
				17155C621A75EF4A00F6D706 /* QBAssetsCollectionOverlayView.m in Sources */,
				17155C651A75EF4A00F6D706 /* QBAssetsCollectionViewLayout.m in Sources */,
				173A98361727BF6600A17DC4 /* PGCamera.mm in Sources */,
				173A98371727BF6600A17DC4 /* PGGallery.mm in Sources */,
				17155C641A75EF4A00F6D706 /* QBAssetsCollectionViewController.m in Sources */,
			);
			runOnlyForDeploymentPostprocessing = 0;
		};
/* End PBXSourcesBuildPhase section */

/* Begin XCBuildConfiguration section */
		17F5CDA81727938B00356EE5 /* Debug */ = {
			isa = XCBuildConfiguration;
			buildSettings = {
				ALWAYS_SEARCH_USER_PATHS = NO;
				CLANG_CXX_LANGUAGE_STANDARD = "gnu++0x";
				CLANG_CXX_LIBRARY = "libc++";
				CLANG_WARN_CONSTANT_CONVERSION = YES;
				CLANG_WARN_EMPTY_BODY = YES;
				CLANG_WARN_ENUM_CONVERSION = YES;
				CLANG_WARN_INT_CONVERSION = YES;
				CLANG_WARN__DUPLICATE_METHOD_MATCH = YES;
				COPY_PHASE_STRIP = NO;
				ENABLE_BITCODE = NO;
				ENABLE_TESTABILITY = YES;
				GCC_C_LANGUAGE_STANDARD = gnu99;
				GCC_DYNAMIC_NO_PIC = NO;
				GCC_OPTIMIZATION_LEVEL = 0;
				GCC_PREPROCESSOR_DEFINITIONS = (
					"DEBUG=1",
					"$(inherited)",
				);
				GCC_SYMBOLS_PRIVATE_EXTERN = NO;
				GCC_WARN_ABOUT_RETURN_TYPE = YES;
				GCC_WARN_UNINITIALIZED_AUTOS = YES;
				GCC_WARN_UNUSED_VARIABLE = YES;
				IPHONEOS_DEPLOYMENT_TARGET = 6.1;
				ONLY_ACTIVE_ARCH = YES;
				SDKROOT = iphoneos;
			};
			name = Debug;
		};
		17F5CDA91727938B00356EE5 /* Release */ = {
			isa = XCBuildConfiguration;
			buildSettings = {
				ALWAYS_SEARCH_USER_PATHS = NO;
				CLANG_CXX_LANGUAGE_STANDARD = "gnu++0x";
				CLANG_CXX_LIBRARY = "libc++";
				CLANG_WARN_CONSTANT_CONVERSION = YES;
				CLANG_WARN_EMPTY_BODY = YES;
				CLANG_WARN_ENUM_CONVERSION = YES;
				CLANG_WARN_INT_CONVERSION = YES;
				CLANG_WARN__DUPLICATE_METHOD_MATCH = YES;
				COPY_PHASE_STRIP = YES;
				ENABLE_BITCODE = NO;
				GCC_C_LANGUAGE_STANDARD = gnu99;
				GCC_WARN_ABOUT_RETURN_TYPE = YES;
				GCC_WARN_UNINITIALIZED_AUTOS = YES;
				GCC_WARN_UNUSED_VARIABLE = YES;
				IPHONEOS_DEPLOYMENT_TARGET = 6.1;
				SDKROOT = iphoneos;
				VALIDATE_PRODUCT = YES;
			};
			name = Release;
		};
		17F5CDAB1727938B00356EE5 /* Debug */ = {
			isa = XCBuildConfiguration;
			buildSettings = {
				CLANG_ENABLE_OBJC_ARC = YES;
				DSTROOT = /tmp/libCamera.dst;
				ENABLE_BITCODE = YES;
				GCC_PRECOMPILE_PREFIX_HEADER = YES;
				GCC_PREFIX_HEADER = "libCamera/libCamera-Prefix.pch";
				HEADER_SEARCH_PATHS = (
					"$(SRCROOT)/../libPDRCore/libPDRCore/Managers",
					"$(SRCROOT)/../libPDRCore/libPDRCore/Tools",
					"$(SRCROOT)/../libPDRCore/libPDRCore/MiniServer",
					"$(SRCROOT)/../libPDRCore/libPDRCore/Feature",
				);
				IPHONEOS_DEPLOYMENT_TARGET = 5.0;
				OTHER_LDFLAGS = "-ObjC";
				PRODUCT_NAME = "$(TARGET_NAME)";
				SKIP_INSTALL = YES;
			};
			name = Debug;
		};
		17F5CDAC1727938B00356EE5 /* Release */ = {
			isa = XCBuildConfiguration;
			buildSettings = {
				CLANG_ENABLE_OBJC_ARC = YES;
				DSTROOT = /tmp/libCamera.dst;
				ENABLE_BITCODE = YES;
				GCC_PRECOMPILE_PREFIX_HEADER = YES;
				GCC_PREFIX_HEADER = "libCamera/libCamera-Prefix.pch";
				HEADER_SEARCH_PATHS = (
					"$(SRCROOT)/../libPDRCore/libPDRCore/Managers",
					"$(SRCROOT)/../libPDRCore/libPDRCore/Tools",
					"$(SRCROOT)/../libPDRCore/libPDRCore/MiniServer",
					"$(SRCROOT)/../libPDRCore/libPDRCore/Feature",
				);
				IPHONEOS_DEPLOYMENT_TARGET = 5.0;
				OTHER_LDFLAGS = "-ObjC";
				PRODUCT_NAME = "$(TARGET_NAME)";
				SKIP_INSTALL = YES;
			};
			name = Release;
		};
/* End XCBuildConfiguration section */

/* Begin XCConfigurationList section */
		17F5CD971727938B00356EE5 /* Build configuration list for PBXProject "libCamera" */ = {
			isa = XCConfigurationList;
			buildConfigurations = (
				17F5CDA81727938B00356EE5 /* Debug */,
				17F5CDA91727938B00356EE5 /* Release */,
			);
			defaultConfigurationIsVisible = 0;
			defaultConfigurationName = Release;
		};
		17F5CDAA1727938B00356EE5 /* Build configuration list for PBXNativeTarget "libCamera" */ = {
			isa = XCConfigurationList;
			buildConfigurations = (
				17F5CDAB1727938B00356EE5 /* Debug */,
				17F5CDAC1727938B00356EE5 /* Release */,
			);
			defaultConfigurationIsVisible = 0;
			defaultConfigurationName = Release;
		};
/* End XCConfigurationList section */
	};
	rootObject = 17F5CD941727938B00356EE5 /* Project object */;
}
